// !$*UTF8*$!
{
	archiveVersion = 1;
	classes = {
	};
	objectVersion = 56;
	objects = {

/* Begin PBXBuildFile section */
		32F2B75EE201D523FC9EF6DA /* Pods_Planet_uiKit.framework in Frameworks */ = {isa = PBXBuildFile; fileRef = 2F6E2B5A944503092A1167E0 /* Pods_Planet_uiKit.framework */; };
		48A4CA55339C10E9349CC1C4 /* Pods_Planet_uiKit_Planet_uiKitUITests.framework in Frameworks */ = {isa = PBXBuildFile; fileRef = 3A76FC9E605922472F8AC88C /* Pods_Planet_uiKit_Planet_uiKitUITests.framework */; };
		86A985692AB2C68D00CC24E2 /* AppDelegate.swift in Sources */ = {isa = PBXBuildFile; fileRef = 86A985682AB2C68D00CC24E2 /* AppDelegate.swift */; };
		86A9856B2AB2C68D00CC24E2 /* SceneDelegate.swift in Sources */ = {isa = PBXBuildFile; fileRef = 86A9856A2AB2C68D00CC24E2 /* SceneDelegate.swift */; };
		86A985722AB2C68E00CC24E2 /* Assets.xcassets in Resources */ = {isa = PBXBuildFile; fileRef = 86A985712AB2C68E00CC24E2 /* Assets.xcassets */; };
		86A985752AB2C68E00CC24E2 /* LaunchScreen.storyboard in Resources */ = {isa = PBXBuildFile; fileRef = 86A985732AB2C68E00CC24E2 /* LaunchScreen.storyboard */; };
		86A985802AB2C68E00CC24E2 /* Planet_uiKitTests.swift in Sources */ = {isa = PBXBuildFile; fileRef = 86A9857F2AB2C68E00CC24E2 /* Planet_uiKitTests.swift */; };
		86A9858A2AB2C68E00CC24E2 /* Planet_uiKitUITests.swift in Sources */ = {isa = PBXBuildFile; fileRef = 86A985892AB2C68E00CC24E2 /* Planet_uiKitUITests.swift */; };
		86A9858C2AB2C68E00CC24E2 /* Planet_uiKitUITestsLaunchTests.swift in Sources */ = {isa = PBXBuildFile; fileRef = 86A9858B2AB2C68E00CC24E2 /* Planet_uiKitUITestsLaunchTests.swift */; };
		86A985A52AB2DCF800CC24E2 /* HomeVC.swift in Sources */ = {isa = PBXBuildFile; fileRef = 86A985A42AB2DCF800CC24E2 /* HomeVC.swift */; };
		86A985A72AB2DDB600CC24E2 /* HomeVm.swift in Sources */ = {isa = PBXBuildFile; fileRef = 86A985A62AB2DDB600CC24E2 /* HomeVm.swift */; };
		86A985A92AB2DE0800CC24E2 /* Net.swift in Sources */ = {isa = PBXBuildFile; fileRef = 86A985A82AB2DE0800CC24E2 /* Net.swift */; };
		86A985AB2AB2DECB00CC24E2 /* Planet.swift in Sources */ = {isa = PBXBuildFile; fileRef = 86A985AA2AB2DECB00CC24E2 /* Planet.swift */; };
		86A985AD2AB2DEEF00CC24E2 /* PlanetData.swift in Sources */ = {isa = PBXBuildFile; fileRef = 86A985AC2AB2DEEF00CC24E2 /* PlanetData.swift */; };
		86A985AF2AB2DF5C00CC24E2 /* Home.storyboard in Resources */ = {isa = PBXBuildFile; fileRef = 86A985AE2AB2DF5C00CC24E2 /* Home.storyboard */; };
		86A985B32AB2DF8600CC24E2 /* PlanetDetail.storyboard in Resources */ = {isa = PBXBuildFile; fileRef = 86A985B22AB2DF8600CC24E2 /* PlanetDetail.storyboard */; };
		86A985B52AB2E05100CC24E2 /* PlanetStore.swift in Sources */ = {isa = PBXBuildFile; fileRef = 86A985B42AB2E05100CC24E2 /* PlanetStore.swift */; };
		86A985B82AB2E97A00CC24E2 /* EndPoint.swift in Sources */ = {isa = PBXBuildFile; fileRef = 86A985B72AB2E97A00CC24E2 /* EndPoint.swift */; };
		86A985C12AB2FD0000CC24E2 /* PlanetCell.swift in Sources */ = {isa = PBXBuildFile; fileRef = 86A985BF2AB2FD0000CC24E2 /* PlanetCell.swift */; };
		86A985C22AB2FD0000CC24E2 /* PlanetCell.xib in Resources */ = {isa = PBXBuildFile; fileRef = 86A985C02AB2FD0000CC24E2 /* PlanetCell.xib */; };
		86A985C62AB3136C00CC24E2 /* PlanetDetailVC.swift in Sources */ = {isa = PBXBuildFile; fileRef = 86A985C52AB3136C00CC24E2 /* PlanetDetailVC.swift */; };
		CFD5D58193892EC2D6A2BACE /* Pods_Planet_uiKitTests.framework in Frameworks */ = {isa = PBXBuildFile; fileRef = B892CBE1DB35E8A01ECB8579 /* Pods_Planet_uiKitTests.framework */; };
/* End PBXBuildFile section */

/* Begin PBXContainerItemProxy section */
		86A9857C2AB2C68E00CC24E2 /* PBXContainerItemProxy */ = {
			isa = PBXContainerItemProxy;
			containerPortal = 86A9855D2AB2C68D00CC24E2 /* Project object */;
			proxyType = 1;
			remoteGlobalIDString = 86A985642AB2C68D00CC24E2;
			remoteInfo = Planet_uiKit;
		};
		86A985862AB2C68E00CC24E2 /* PBXContainerItemProxy */ = {
			isa = PBXContainerItemProxy;
			containerPortal = 86A9855D2AB2C68D00CC24E2 /* Project object */;
			proxyType = 1;
			remoteGlobalIDString = 86A985642AB2C68D00CC24E2;
			remoteInfo = Planet_uiKit;
		};
/* End PBXContainerItemProxy section */

/* Begin PBXFileReference section */
		0BE8A25F6B8408D5A77311B2 /* Pods-Planet_uiKit.debug.xcconfig */ = {isa = PBXFileReference; includeInIndex = 1; lastKnownFileType = text.xcconfig; name = "Pods-Planet_uiKit.debug.xcconfig"; path = "Target Support Files/Pods-Planet_uiKit/Pods-Planet_uiKit.debug.xcconfig"; sourceTree = "<group>"; };
		2F6E2B5A944503092A1167E0 /* Pods_Planet_uiKit.framework */ = {isa = PBXFileReference; explicitFileType = wrapper.framework; includeInIndex = 0; path = Pods_Planet_uiKit.framework; sourceTree = BUILT_PRODUCTS_DIR; };
		300B61B45E571E873406D62F /* Pods-Planet_uiKit-Planet_uiKitUITests.debug.xcconfig */ = {isa = PBXFileReference; includeInIndex = 1; lastKnownFileType = text.xcconfig; name = "Pods-Planet_uiKit-Planet_uiKitUITests.debug.xcconfig"; path = "Target Support Files/Pods-Planet_uiKit-Planet_uiKitUITests/Pods-Planet_uiKit-Planet_uiKitUITests.debug.xcconfig"; sourceTree = "<group>"; };
		3451343EE29C584560BBC0CF /* Pods-Planet_uiKit-Planet_uiKitUITests.release.xcconfig */ = {isa = PBXFileReference; includeInIndex = 1; lastKnownFileType = text.xcconfig; name = "Pods-Planet_uiKit-Planet_uiKitUITests.release.xcconfig"; path = "Target Support Files/Pods-Planet_uiKit-Planet_uiKitUITests/Pods-Planet_uiKit-Planet_uiKitUITests.release.xcconfig"; sourceTree = "<group>"; };
		3A76FC9E605922472F8AC88C /* Pods_Planet_uiKit_Planet_uiKitUITests.framework */ = {isa = PBXFileReference; explicitFileType = wrapper.framework; includeInIndex = 0; path = Pods_Planet_uiKit_Planet_uiKitUITests.framework; sourceTree = BUILT_PRODUCTS_DIR; };
		4DA9A89E1FB2CF53B897588B /* Pods-Planet_uiKitTests.release.xcconfig */ = {isa = PBXFileReference; includeInIndex = 1; lastKnownFileType = text.xcconfig; name = "Pods-Planet_uiKitTests.release.xcconfig"; path = "Target Support Files/Pods-Planet_uiKitTests/Pods-Planet_uiKitTests.release.xcconfig"; sourceTree = "<group>"; };
		7DB0914B25FC0E1F2F949D3E /* Pods-Planet_uiKitTests.debug.xcconfig */ = {isa = PBXFileReference; includeInIndex = 1; lastKnownFileType = text.xcconfig; name = "Pods-Planet_uiKitTests.debug.xcconfig"; path = "Target Support Files/Pods-Planet_uiKitTests/Pods-Planet_uiKitTests.debug.xcconfig"; sourceTree = "<group>"; };
		86A985652AB2C68D00CC24E2 /* Planet_uiKit.app */ = {isa = PBXFileReference; explicitFileType = wrapper.application; includeInIndex = 0; path = Planet_uiKit.app; sourceTree = BUILT_PRODUCTS_DIR; };
		86A985682AB2C68D00CC24E2 /* AppDelegate.swift */ = {isa = PBXFileReference; lastKnownFileType = sourcecode.swift; path = AppDelegate.swift; sourceTree = "<group>"; };
		86A9856A2AB2C68D00CC24E2 /* SceneDelegate.swift */ = {isa = PBXFileReference; lastKnownFileType = sourcecode.swift; path = SceneDelegate.swift; sourceTree = "<group>"; };
		86A985712AB2C68E00CC24E2 /* Assets.xcassets */ = {isa = PBXFileReference; lastKnownFileType = folder.assetcatalog; path = Assets.xcassets; sourceTree = "<group>"; };
		86A985742AB2C68E00CC24E2 /* Base */ = {isa = PBXFileReference; lastKnownFileType = file.storyboard; name = Base; path = Base.lproj/LaunchScreen.storyboard; sourceTree = "<group>"; };
		86A985762AB2C68E00CC24E2 /* Info.plist */ = {isa = PBXFileReference; lastKnownFileType = text.plist.xml; path = Info.plist; sourceTree = "<group>"; };
		86A9857B2AB2C68E00CC24E2 /* Planet_uiKitTests.xctest */ = {isa = PBXFileReference; explicitFileType = wrapper.cfbundle; includeInIndex = 0; path = Planet_uiKitTests.xctest; sourceTree = BUILT_PRODUCTS_DIR; };
		86A9857F2AB2C68E00CC24E2 /* Planet_uiKitTests.swift */ = {isa = PBXFileReference; lastKnownFileType = sourcecode.swift; path = Planet_uiKitTests.swift; sourceTree = "<group>"; };
		86A985852AB2C68E00CC24E2 /* Planet_uiKitUITests.xctest */ = {isa = PBXFileReference; explicitFileType = wrapper.cfbundle; includeInIndex = 0; path = Planet_uiKitUITests.xctest; sourceTree = BUILT_PRODUCTS_DIR; };
		86A985892AB2C68E00CC24E2 /* Planet_uiKitUITests.swift */ = {isa = PBXFileReference; lastKnownFileType = sourcecode.swift; path = Planet_uiKitUITests.swift; sourceTree = "<group>"; };
		86A9858B2AB2C68E00CC24E2 /* Planet_uiKitUITestsLaunchTests.swift */ = {isa = PBXFileReference; lastKnownFileType = sourcecode.swift; path = Planet_uiKitUITestsLaunchTests.swift; sourceTree = "<group>"; };
		86A985A42AB2DCF800CC24E2 /* HomeVC.swift */ = {isa = PBXFileReference; lastKnownFileType = sourcecode.swift; path = HomeVC.swift; sourceTree = "<group>"; };
		86A985A62AB2DDB600CC24E2 /* HomeVm.swift */ = {isa = PBXFileReference; lastKnownFileType = sourcecode.swift; path = HomeVm.swift; sourceTree = "<group>"; };
		86A985A82AB2DE0800CC24E2 /* Net.swift */ = {isa = PBXFileReference; lastKnownFileType = sourcecode.swift; path = Net.swift; sourceTree = "<group>"; };
		86A985AA2AB2DECB00CC24E2 /* Planet.swift */ = {isa = PBXFileReference; lastKnownFileType = sourcecode.swift; path = Planet.swift; sourceTree = "<group>"; };
		86A985AC2AB2DEEF00CC24E2 /* PlanetData.swift */ = {isa = PBXFileReference; lastKnownFileType = sourcecode.swift; path = PlanetData.swift; sourceTree = "<group>"; };
		86A985AE2AB2DF5C00CC24E2 /* Home.storyboard */ = {isa = PBXFileReference; lastKnownFileType = file.storyboard; path = Home.storyboard; sourceTree = "<group>"; };
		86A985B22AB2DF8600CC24E2 /* PlanetDetail.storyboard */ = {isa = PBXFileReference; lastKnownFileType = file.storyboard; path = PlanetDetail.storyboard; sourceTree = "<group>"; };
		86A985B42AB2E05100CC24E2 /* PlanetStore.swift */ = {isa = PBXFileReference; lastKnownFileType = sourcecode.swift; path = PlanetStore.swift; sourceTree = "<group>"; };
		86A985B72AB2E97A00CC24E2 /* EndPoint.swift */ = {isa = PBXFileReference; lastKnownFileType = sourcecode.swift; path = EndPoint.swift; sourceTree = "<group>"; };
		86A985BF2AB2FD0000CC24E2 /* PlanetCell.swift */ = {isa = PBXFileReference; lastKnownFileType = sourcecode.swift; path = PlanetCell.swift; sourceTree = "<group>"; };
		86A985C02AB2FD0000CC24E2 /* PlanetCell.xib */ = {isa = PBXFileReference; lastKnownFileType = file.xib; path = PlanetCell.xib; sourceTree = "<group>"; };
		86A985C52AB3136C00CC24E2 /* PlanetDetailVC.swift */ = {isa = PBXFileReference; lastKnownFileType = sourcecode.swift; path = PlanetDetailVC.swift; sourceTree = "<group>"; };
		B892CBE1DB35E8A01ECB8579 /* Pods_Planet_uiKitTests.framework */ = {isa = PBXFileReference; explicitFileType = wrapper.framework; includeInIndex = 0; path = Pods_Planet_uiKitTests.framework; sourceTree = BUILT_PRODUCTS_DIR; };
		D5990968EFB1F17BFBDA010B /* Pods-Planet_uiKit.release.xcconfig */ = {isa = PBXFileReference; includeInIndex = 1; lastKnownFileType = text.xcconfig; name = "Pods-Planet_uiKit.release.xcconfig"; path = "Target Support Files/Pods-Planet_uiKit/Pods-Planet_uiKit.release.xcconfig"; sourceTree = "<group>"; };
/* End PBXFileReference section */

/* Begin PBXFrameworksBuildPhase section */
		86A985622AB2C68D00CC24E2 /* Frameworks */ = {
			isa = PBXFrameworksBuildPhase;
			buildActionMask = 2147483647;
			files = (
				32F2B75EE201D523FC9EF6DA /* Pods_Planet_uiKit.framework in Frameworks */,
			);
			runOnlyForDeploymentPostprocessing = 0;
		};
		86A985782AB2C68E00CC24E2 /* Frameworks */ = {
			isa = PBXFrameworksBuildPhase;
			buildActionMask = 2147483647;
			files = (
				CFD5D58193892EC2D6A2BACE /* Pods_Planet_uiKitTests.framework in Frameworks */,
			);
			runOnlyForDeploymentPostprocessing = 0;
		};
		86A985822AB2C68E00CC24E2 /* Frameworks */ = {
			isa = PBXFrameworksBuildPhase;
			buildActionMask = 2147483647;
			files = (
				48A4CA55339C10E9349CC1C4 /* Pods_Planet_uiKit_Planet_uiKitUITests.framework in Frameworks */,
			);
			runOnlyForDeploymentPostprocessing = 0;
		};
/* End PBXFrameworksBuildPhase section */

/* Begin PBXGroup section */
		86A9855C2AB2C68D00CC24E2 = {
			isa = PBXGroup;
			children = (
				86A985672AB2C68D00CC24E2 /* Planet_uiKit */,
				86A9857E2AB2C68E00CC24E2 /* Planet_uiKitTests */,
				86A985882AB2C68E00CC24E2 /* Planet_uiKitUITests */,
				86A985662AB2C68D00CC24E2 /* Products */,
				B5D13EF38E1413488E4C1C1E /* Pods */,
				C397D10EFEF7496CEE49C36A /* Frameworks */,
			);
			sourceTree = "<group>";
		};
		86A985662AB2C68D00CC24E2 /* Products */ = {
			isa = PBXGroup;
			children = (
				86A985652AB2C68D00CC24E2 /* Planet_uiKit.app */,
				86A9857B2AB2C68E00CC24E2 /* Planet_uiKitTests.xctest */,
				86A985852AB2C68E00CC24E2 /* Planet_uiKitUITests.xctest */,
			);
			name = Products;
			sourceTree = "<group>";
		};
		86A985672AB2C68D00CC24E2 /* Planet_uiKit */ = {
			isa = PBXGroup;
			children = (
				86A985A32AB2DAF300CC24E2 /* View */,
				86A985A22AB2DAEC00CC24E2 /* Model */,
				86A985A12AB2DAE500CC24E2 /* Vm */,
				86A985A02AB2DADD00CC24E2 /* Service */,
				86A9859F2AB2DAD400CC24E2 /* Store */,
				86A985B62AB2E96A00CC24E2 /* Other */,
				86A985982AB2DA1D00CC24E2 /* Support */,
				86A985712AB2C68E00CC24E2 /* Assets.xcassets */,
				86A985762AB2C68E00CC24E2 /* Info.plist */,
			);
			path = Planet_uiKit;
			sourceTree = "<group>";
		};
		86A9857E2AB2C68E00CC24E2 /* Planet_uiKitTests */ = {
			isa = PBXGroup;
			children = (
				86A9857F2AB2C68E00CC24E2 /* Planet_uiKitTests.swift */,
			);
			path = Planet_uiKitTests;
			sourceTree = "<group>";
		};
		86A985882AB2C68E00CC24E2 /* Planet_uiKitUITests */ = {
			isa = PBXGroup;
			children = (
				86A985892AB2C68E00CC24E2 /* Planet_uiKitUITests.swift */,
				86A9858B2AB2C68E00CC24E2 /* Planet_uiKitUITestsLaunchTests.swift */,
			);
			path = Planet_uiKitUITests;
			sourceTree = "<group>";
		};
		86A985982AB2DA1D00CC24E2 /* Support */ = {
			isa = PBXGroup;
			children = (
				86A985682AB2C68D00CC24E2 /* AppDelegate.swift */,
				86A9856A2AB2C68D00CC24E2 /* SceneDelegate.swift */,
				86A985732AB2C68E00CC24E2 /* LaunchScreen.storyboard */,
			);
			name = Support;
			sourceTree = "<group>";
		};
		86A9859F2AB2DAD400CC24E2 /* Store */ = {
			isa = PBXGroup;
			children = (
				86A985B42AB2E05100CC24E2 /* PlanetStore.swift */,
			);
			path = Store;
			sourceTree = "<group>";
		};
		86A985A02AB2DADD00CC24E2 /* Service */ = {
			isa = PBXGroup;
			children = (
				86A985A82AB2DE0800CC24E2 /* Net.swift */,
			);
			path = Service;
			sourceTree = "<group>";
		};
		86A985A12AB2DAE500CC24E2 /* Vm */ = {
			isa = PBXGroup;
			children = (
				86A985A62AB2DDB600CC24E2 /* HomeVm.swift */,
			);
			path = Vm;
			sourceTree = "<group>";
		};
		86A985A22AB2DAEC00CC24E2 /* Model */ = {
			isa = PBXGroup;
			children = (
				86A985AA2AB2DECB00CC24E2 /* Planet.swift */,
				86A985AC2AB2DEEF00CC24E2 /* PlanetData.swift */,
			);
			path = Model;
			sourceTree = "<group>";
		};
		86A985A32AB2DAF300CC24E2 /* View */ = {
			isa = PBXGroup;
			children = (
				86A985B92AB2EF4400CC24E2 /* Screens */,
				86A985BA2AB2EF4E00CC24E2 /* Components */,
			);
			path = View;
			sourceTree = "<group>";
		};
		86A985B02AB2DF6600CC24E2 /* Home */ = {
			isa = PBXGroup;
			children = (
				86A985A42AB2DCF800CC24E2 /* HomeVC.swift */,
				86A985AE2AB2DF5C00CC24E2 /* Home.storyboard */,
			);
			path = Home;
			sourceTree = "<group>";
		};
		86A985B12AB2DF7000CC24E2 /* PlanetDetail */ = {
			isa = PBXGroup;
			children = (
				86A985B22AB2DF8600CC24E2 /* PlanetDetail.storyboard */,
				86A985C52AB3136C00CC24E2 /* PlanetDetailVC.swift */,
			);
			path = PlanetDetail;
			sourceTree = "<group>";
		};
		86A985B62AB2E96A00CC24E2 /* Other */ = {
			isa = PBXGroup;
			children = (
				86A985B72AB2E97A00CC24E2 /* EndPoint.swift */,
			);
			path = Other;
			sourceTree = "<group>";
		};
		86A985B92AB2EF4400CC24E2 /* Screens */ = {
			isa = PBXGroup;
			children = (
				86A985B02AB2DF6600CC24E2 /* Home */,
				86A985B12AB2DF7000CC24E2 /* PlanetDetail */,
			);
			path = Screens;
			sourceTree = "<group>";
		};
		86A985BA2AB2EF4E00CC24E2 /* Components */ = {
			isa = PBXGroup;
			children = (
				86A985BF2AB2FD0000CC24E2 /* PlanetCell.swift */,
				86A985C02AB2FD0000CC24E2 /* PlanetCell.xib */,
			);
			path = Components;
			sourceTree = "<group>";
		};
		B5D13EF38E1413488E4C1C1E /* Pods */ = {
			isa = PBXGroup;
			children = (
				0BE8A25F6B8408D5A77311B2 /* Pods-Planet_uiKit.debug.xcconfig */,
				D5990968EFB1F17BFBDA010B /* Pods-Planet_uiKit.release.xcconfig */,
				300B61B45E571E873406D62F /* Pods-Planet_uiKit-Planet_uiKitUITests.debug.xcconfig */,
				3451343EE29C584560BBC0CF /* Pods-Planet_uiKit-Planet_uiKitUITests.release.xcconfig */,
				7DB0914B25FC0E1F2F949D3E /* Pods-Planet_uiKitTests.debug.xcconfig */,
				4DA9A89E1FB2CF53B897588B /* Pods-Planet_uiKitTests.release.xcconfig */,
			);
			path = Pods;
			sourceTree = "<group>";
		};
		C397D10EFEF7496CEE49C36A /* Frameworks */ = {
			isa = PBXGroup;
			children = (
				2F6E2B5A944503092A1167E0 /* Pods_Planet_uiKit.framework */,
				3A76FC9E605922472F8AC88C /* Pods_Planet_uiKit_Planet_uiKitUITests.framework */,
				B892CBE1DB35E8A01ECB8579 /* Pods_Planet_uiKitTests.framework */,
			);
			name = Frameworks;
			sourceTree = "<group>";
		};
/* End PBXGroup section */

/* Begin PBXNativeTarget section */
		86A985642AB2C68D00CC24E2 /* Planet_uiKit */ = {
			isa = PBXNativeTarget;
			buildConfigurationList = 86A9858F2AB2C68E00CC24E2 /* Build configuration list for PBXNativeTarget "Planet_uiKit" */;
			buildPhases = (
				6690F702BA6FBEBCC1495F6B /* [CP] Check Pods Manifest.lock */,
				86A985612AB2C68D00CC24E2 /* Sources */,
				86A985622AB2C68D00CC24E2 /* Frameworks */,
				86A985632AB2C68D00CC24E2 /* Resources */,
				59BBD9338822A5C02F5FB379 /* [CP] Embed Pods Frameworks */,
			);
			buildRules = (
			);
			dependencies = (
			);
			name = Planet_uiKit;
			productName = Planet_uiKit;
			productReference = 86A985652AB2C68D00CC24E2 /* Planet_uiKit.app */;
			productType = "com.apple.product-type.application";
		};
		86A9857A2AB2C68E00CC24E2 /* Planet_uiKitTests */ = {
			isa = PBXNativeTarget;
			buildConfigurationList = 86A985922AB2C68E00CC24E2 /* Build configuration list for PBXNativeTarget "Planet_uiKitTests" */;
			buildPhases = (
				75F0F6C96CC03056058EBD95 /* [CP] Check Pods Manifest.lock */,
				86A985772AB2C68E00CC24E2 /* Sources */,
				86A985782AB2C68E00CC24E2 /* Frameworks */,
				86A985792AB2C68E00CC24E2 /* Resources */,
			);
			buildRules = (
			);
			dependencies = (
				86A9857D2AB2C68E00CC24E2 /* PBXTargetDependency */,
			);
			name = Planet_uiKitTests;
			productName = Planet_uiKitTests;
			productReference = 86A9857B2AB2C68E00CC24E2 /* Planet_uiKitTests.xctest */;
			productType = "com.apple.product-type.bundle.unit-test";
		};
		86A985842AB2C68E00CC24E2 /* Planet_uiKitUITests */ = {
			isa = PBXNativeTarget;
			buildConfigurationList = 86A985952AB2C68E00CC24E2 /* Build configuration list for PBXNativeTarget "Planet_uiKitUITests" */;
			buildPhases = (
				66F1A790875E170D34959548 /* [CP] Check Pods Manifest.lock */,
				86A985812AB2C68E00CC24E2 /* Sources */,
				86A985822AB2C68E00CC24E2 /* Frameworks */,
				86A985832AB2C68E00CC24E2 /* Resources */,
				E4A4D9D07AE1512A99F04E34 /* [CP] Embed Pods Frameworks */,
			);
			buildRules = (
			);
			dependencies = (
				86A985872AB2C68E00CC24E2 /* PBXTargetDependency */,
			);
			name = Planet_uiKitUITests;
			productName = Planet_uiKitUITests;
			productReference = 86A985852AB2C68E00CC24E2 /* Planet_uiKitUITests.xctest */;
			productType = "com.apple.product-type.bundle.ui-testing";
		};
/* End PBXNativeTarget section */

/* Begin PBXProject section */
		86A9855D2AB2C68D00CC24E2 /* Project object */ = {
			isa = PBXProject;
			attributes = {
				BuildIndependentTargetsInParallel = 1;
				LastSwiftUpdateCheck = 1430;
				LastUpgradeCheck = 1430;
				TargetAttributes = {
					86A985642AB2C68D00CC24E2 = {
						CreatedOnToolsVersion = 14.3.1;
					};
					86A9857A2AB2C68E00CC24E2 = {
						CreatedOnToolsVersion = 14.3.1;
						TestTargetID = 86A985642AB2C68D00CC24E2;
					};
					86A985842AB2C68E00CC24E2 = {
						CreatedOnToolsVersion = 14.3.1;
						TestTargetID = 86A985642AB2C68D00CC24E2;
					};
				};
			};
			buildConfigurationList = 86A985602AB2C68D00CC24E2 /* Build configuration list for PBXProject "Planet_uiKit" */;
			compatibilityVersion = "Xcode 14.0";
			developmentRegion = en;
			hasScannedForEncodings = 0;
			knownRegions = (
				en,
				Base,
			);
			mainGroup = 86A9855C2AB2C68D00CC24E2;
			productRefGroup = 86A985662AB2C68D00CC24E2 /* Products */;
			projectDirPath = "";
			projectRoot = "";
			targets = (
				86A985642AB2C68D00CC24E2 /* Planet_uiKit */,
				86A9857A2AB2C68E00CC24E2 /* Planet_uiKitTests */,
				86A985842AB2C68E00CC24E2 /* Planet_uiKitUITests */,
			);
		};
/* End PBXProject section */

/* Begin PBXResourcesBuildPhase section */
		86A985632AB2C68D00CC24E2 /* Resources */ = {
			isa = PBXResourcesBuildPhase;
			buildActionMask = 2147483647;
			files = (
				86A985AF2AB2DF5C00CC24E2 /* Home.storyboard in Resources */,
				86A985C22AB2FD0000CC24E2 /* PlanetCell.xib in Resources */,
				86A985B32AB2DF8600CC24E2 /* PlanetDetail.storyboard in Resources */,
				86A985752AB2C68E00CC24E2 /* LaunchScreen.storyboard in Resources */,
				86A985722AB2C68E00CC24E2 /* Assets.xcassets in Resources */,
			);
			runOnlyForDeploymentPostprocessing = 0;
		};
		86A985792AB2C68E00CC24E2 /* Resources */ = {
			isa = PBXResourcesBuildPhase;
			buildActionMask = 2147483647;
			files = (
			);
			runOnlyForDeploymentPostprocessing = 0;
		};
		86A985832AB2C68E00CC24E2 /* Resources */ = {
			isa = PBXResourcesBuildPhase;
			buildActionMask = 2147483647;
			files = (
			);
			runOnlyForDeploymentPostprocessing = 0;
		};
/* End PBXResourcesBuildPhase section */

/* Begin PBXShellScriptBuildPhase section */
		59BBD9338822A5C02F5FB379 /* [CP] Embed Pods Frameworks */ = {
			isa = PBXShellScriptBuildPhase;
			buildActionMask = 2147483647;
			files = (
			);
			inputFileListPaths = (
				"${PODS_ROOT}/Target Support Files/Pods-Planet_uiKit/Pods-Planet_uiKit-frameworks-${CONFIGURATION}-input-files.xcfilelist",
			);
			name = "[CP] Embed Pods Frameworks";
			outputFileListPaths = (
				"${PODS_ROOT}/Target Support Files/Pods-Planet_uiKit/Pods-Planet_uiKit-frameworks-${CONFIGURATION}-output-files.xcfilelist",
			);
			runOnlyForDeploymentPostprocessing = 0;
			shellPath = /bin/sh;
			shellScript = "\"${PODS_ROOT}/Target Support Files/Pods-Planet_uiKit/Pods-Planet_uiKit-frameworks.sh\"\n";
			showEnvVarsInLog = 0;
		};
		6690F702BA6FBEBCC1495F6B /* [CP] Check Pods Manifest.lock */ = {
			isa = PBXShellScriptBuildPhase;
			buildActionMask = 2147483647;
			files = (
			);
			inputFileListPaths = (
			);
			inputPaths = (
				"${PODS_PODFILE_DIR_PATH}/Podfile.lock",
				"${PODS_ROOT}/Manifest.lock",
			);
			name = "[CP] Check Pods Manifest.lock";
			outputFileListPaths = (
			);
			outputPaths = (
				"$(DERIVED_FILE_DIR)/Pods-Planet_uiKit-checkManifestLockResult.txt",
			);
			runOnlyForDeploymentPostprocessing = 0;
			shellPath = /bin/sh;
			shellScript = "diff \"${PODS_PODFILE_DIR_PATH}/Podfile.lock\" \"${PODS_ROOT}/Manifest.lock\" > /dev/null\nif [ $? != 0 ] ; then\n    # print error to STDERR\n    echo \"error: The sandbox is not in sync with the Podfile.lock. Run 'pod install' or update your CocoaPods installation.\" >&2\n    exit 1\nfi\n# This output is used by Xcode 'outputs' to avoid re-running this script phase.\necho \"SUCCESS\" > \"${SCRIPT_OUTPUT_FILE_0}\"\n";
			showEnvVarsInLog = 0;
		};
		66F1A790875E170D34959548 /* [CP] Check Pods Manifest.lock */ = {
			isa = PBXShellScriptBuildPhase;
			buildActionMask = 2147483647;
			files = (
			);
			inputFileListPaths = (
			);
			inputPaths = (
				"${PODS_PODFILE_DIR_PATH}/Podfile.lock",
				"${PODS_ROOT}/Manifest.lock",
			);
			name = "[CP] Check Pods Manifest.lock";
			outputFileListPaths = (
			);
			outputPaths = (
				"$(DERIVED_FILE_DIR)/Pods-Planet_uiKit-Planet_uiKitUITests-checkManifestLockResult.txt",
			);
			runOnlyForDeploymentPostprocessing = 0;
			shellPath = /bin/sh;
			shellScript = "diff \"${PODS_PODFILE_DIR_PATH}/Podfile.lock\" \"${PODS_ROOT}/Manifest.lock\" > /dev/null\nif [ $? != 0 ] ; then\n    # print error to STDERR\n    echo \"error: The sandbox is not in sync with the Podfile.lock. Run 'pod install' or update your CocoaPods installation.\" >&2\n    exit 1\nfi\n# This output is used by Xcode 'outputs' to avoid re-running this script phase.\necho \"SUCCESS\" > \"${SCRIPT_OUTPUT_FILE_0}\"\n";
			showEnvVarsInLog = 0;
		};
		75F0F6C96CC03056058EBD95 /* [CP] Check Pods Manifest.lock */ = {
			isa = PBXShellScriptBuildPhase;
			buildActionMask = 2147483647;
			files = (
			);
			inputFileListPaths = (
			);
			inputPaths = (
				"${PODS_PODFILE_DIR_PATH}/Podfile.lock",
				"${PODS_ROOT}/Manifest.lock",
			);
			name = "[CP] Check Pods Manifest.lock";
			outputFileListPaths = (
			);
			outputPaths = (
				"$(DERIVED_FILE_DIR)/Pods-Planet_uiKitTests-checkManifestLockResult.txt",
			);
			runOnlyForDeploymentPostprocessing = 0;
			shellPath = /bin/sh;
			shellScript = "diff \"${PODS_PODFILE_DIR_PATH}/Podfile.lock\" \"${PODS_ROOT}/Manifest.lock\" > /dev/null\nif [ $? != 0 ] ; then\n    # print error to STDERR\n    echo \"error: The sandbox is not in sync with the Podfile.lock. Run 'pod install' or update your CocoaPods installation.\" >&2\n    exit 1\nfi\n# This output is used by Xcode 'outputs' to avoid re-running this script phase.\necho \"SUCCESS\" > \"${SCRIPT_OUTPUT_FILE_0}\"\n";
			showEnvVarsInLog = 0;
		};
		E4A4D9D07AE1512A99F04E34 /* [CP] Embed Pods Frameworks */ = {
			isa = PBXShellScriptBuildPhase;
			buildActionMask = 2147483647;
			files = (
			);
			inputFileListPaths = (
				"${PODS_ROOT}/Target Support Files/Pods-Planet_uiKit-Planet_uiKitUITests/Pods-Planet_uiKit-Planet_uiKitUITests-frameworks-${CONFIGURATION}-input-files.xcfilelist",
			);
			name = "[CP] Embed Pods Frameworks";
			outputFileListPaths = (
				"${PODS_ROOT}/Target Support Files/Pods-Planet_uiKit-Planet_uiKitUITests/Pods-Planet_uiKit-Planet_uiKitUITests-frameworks-${CONFIGURATION}-output-files.xcfilelist",
			);
			runOnlyForDeploymentPostprocessing = 0;
			shellPath = /bin/sh;
			shellScript = "\"${PODS_ROOT}/Target Support Files/Pods-Planet_uiKit-Planet_uiKitUITests/Pods-Planet_uiKit-Planet_uiKitUITests-frameworks.sh\"\n";
			showEnvVarsInLog = 0;
		};
/* End PBXShellScriptBuildPhase section */

/* Begin PBXSourcesBuildPhase section */
		86A985612AB2C68D00CC24E2 /* Sources */ = {
			isa = PBXSourcesBuildPhase;
			buildActionMask = 2147483647;
			files = (
				86A985A52AB2DCF800CC24E2 /* HomeVC.swift in Sources */,
				86A985C12AB2FD0000CC24E2 /* PlanetCell.swift in Sources */,
				86A985A92AB2DE0800CC24E2 /* Net.swift in Sources */,
				86A985692AB2C68D00CC24E2 /* AppDelegate.swift in Sources */,
				86A985B82AB2E97A00CC24E2 /* EndPoint.swift in Sources */,
				86A985C62AB3136C00CC24E2 /* PlanetDetailVC.swift in Sources */,
				86A985AD2AB2DEEF00CC24E2 /* PlanetData.swift in Sources */,
				86A985AB2AB2DECB00CC24E2 /* Planet.swift in Sources */,
				86A985B52AB2E05100CC24E2 /* PlanetStore.swift in Sources */,
				86A9856B2AB2C68D00CC24E2 /* SceneDelegate.swift in Sources */,
				86A985A72AB2DDB600CC24E2 /* HomeVm.swift in Sources */,
			);
			runOnlyForDeploymentPostprocessing = 0;
		};
		86A985772AB2C68E00CC24E2 /* Sources */ = {
			isa = PBXSourcesBuildPhase;
			buildActionMask = 2147483647;
			files = (
				86A985802AB2C68E00CC24E2 /* Planet_uiKitTests.swift in Sources */,
			);
			runOnlyForDeploymentPostprocessing = 0;
		};
		86A985812AB2C68E00CC24E2 /* Sources */ = {
			isa = PBXSourcesBuildPhase;
			buildActionMask = 2147483647;
			files = (
				86A9858A2AB2C68E00CC24E2 /* Planet_uiKitUITests.swift in Sources */,
				86A9858C2AB2C68E00CC24E2 /* Planet_uiKitUITestsLaunchTests.swift in Sources */,
			);
			runOnlyForDeploymentPostprocessing = 0;
		};
/* End PBXSourcesBuildPhase section */

/* Begin PBXTargetDependency section */
		86A9857D2AB2C68E00CC24E2 /* PBXTargetDependency */ = {
			isa = PBXTargetDependency;
			target = 86A985642AB2C68D00CC24E2 /* Planet_uiKit */;
			targetProxy = 86A9857C2AB2C68E00CC24E2 /* PBXContainerItemProxy */;
		};
		86A985872AB2C68E00CC24E2 /* PBXTargetDependency */ = {
			isa = PBXTargetDependency;
			target = 86A985642AB2C68D00CC24E2 /* Planet_uiKit */;
			targetProxy = 86A985862AB2C68E00CC24E2 /* PBXContainerItemProxy */;
		};
/* End PBXTargetDependency section */

/* Begin PBXVariantGroup section */
		86A985732AB2C68E00CC24E2 /* LaunchScreen.storyboard */ = {
			isa = PBXVariantGroup;
			children = (
				86A985742AB2C68E00CC24E2 /* Base */,
			);
			name = LaunchScreen.storyboard;
			sourceTree = "<group>";
		};
/* End PBXVariantGroup section */

/* Begin XCBuildConfiguration section */
		86A9858D2AB2C68E00CC24E2 /* Debug */ = {
			isa = XCBuildConfiguration;
			buildSettings = {
				ALWAYS_SEARCH_USER_PATHS = NO;
				CLANG_ANALYZER_NONNULL = YES;
				CLANG_ANALYZER_NUMBER_OBJECT_CONVERSION = YES_AGGRESSIVE;
				CLANG_CXX_LANGUAGE_STANDARD = "gnu++20";
				CLANG_ENABLE_MODULES = YES;
				CLANG_ENABLE_OBJC_ARC = YES;
				CLANG_ENABLE_OBJC_WEAK = YES;
				CLANG_WARN_BLOCK_CAPTURE_AUTORELEASING = YES;
				CLANG_WARN_BOOL_CONVERSION = YES;
				CLANG_WARN_COMMA = YES;
				CLANG_WARN_CONSTANT_CONVERSION = YES;
				CLANG_WARN_DEPRECATED_OBJC_IMPLEMENTATIONS = YES;
				CLANG_WARN_DIRECT_OBJC_ISA_USAGE = YES_ERROR;
				CLANG_WARN_DOCUMENTATION_COMMENTS = YES;
				CLANG_WARN_EMPTY_BODY = YES;
				CLANG_WARN_ENUM_CONVERSION = YES;
				CLANG_WARN_INFINITE_RECURSION = YES;
				CLANG_WARN_INT_CONVERSION = YES;
				CLANG_WARN_NON_LITERAL_NULL_CONVERSION = YES;
				CLANG_WARN_OBJC_IMPLICIT_RETAIN_SELF = YES;
				CLANG_WARN_OBJC_LITERAL_CONVERSION = YES;
				CLANG_WARN_OBJC_ROOT_CLASS = YES_ERROR;
				CLANG_WARN_QUOTED_INCLUDE_IN_FRAMEWORK_HEADER = YES;
				CLANG_WARN_RANGE_LOOP_ANALYSIS = YES;
				CLANG_WARN_STRICT_PROTOTYPES = YES;
				CLANG_WARN_SUSPICIOUS_MOVE = YES;
				CLANG_WARN_UNGUARDED_AVAILABILITY = YES_AGGRESSIVE;
				CLANG_WARN_UNREACHABLE_CODE = YES;
				CLANG_WARN__DUPLICATE_METHOD_MATCH = YES;
				COPY_PHASE_STRIP = NO;
				DEBUG_INFORMATION_FORMAT = dwarf;
				ENABLE_STRICT_OBJC_MSGSEND = YES;
				ENABLE_TESTABILITY = YES;
				GCC_C_LANGUAGE_STANDARD = gnu11;
				GCC_DYNAMIC_NO_PIC = NO;
				GCC_NO_COMMON_BLOCKS = YES;
				GCC_OPTIMIZATION_LEVEL = 0;
				GCC_PREPROCESSOR_DEFINITIONS = (
					"DEBUG=1",
					"$(inherited)",
				);
				GCC_WARN_64_TO_32_BIT_CONVERSION = YES;
				GCC_WARN_ABOUT_RETURN_TYPE = YES_ERROR;
				GCC_WARN_UNDECLARED_SELECTOR = YES;
				GCC_WARN_UNINITIALIZED_AUTOS = YES_AGGRESSIVE;
				GCC_WARN_UNUSED_FUNCTION = YES;
				GCC_WARN_UNUSED_VARIABLE = YES;
				IPHONEOS_DEPLOYMENT_TARGET = 16.4;
				MTL_ENABLE_DEBUG_INFO = INCLUDE_SOURCE;
				MTL_FAST_MATH = YES;
				ONLY_ACTIVE_ARCH = YES;
				SDKROOT = iphoneos;
				SWIFT_ACTIVE_COMPILATION_CONDITIONS = DEBUG;
				SWIFT_OPTIMIZATION_LEVEL = "-Onone";
			};
			name = Debug;
		};
		86A9858E2AB2C68E00CC24E2 /* Release */ = {
			isa = XCBuildConfiguration;
			buildSettings = {
				ALWAYS_SEARCH_USER_PATHS = NO;
				CLANG_ANALYZER_NONNULL = YES;
				CLANG_ANALYZER_NUMBER_OBJECT_CONVERSION = YES_AGGRESSIVE;
				CLANG_CXX_LANGUAGE_STANDARD = "gnu++20";
				CLANG_ENABLE_MODULES = YES;
				CLANG_ENABLE_OBJC_ARC = YES;
				CLANG_ENABLE_OBJC_WEAK = YES;
				CLANG_WARN_BLOCK_CAPTURE_AUTORELEASING = YES;
				CLANG_WARN_BOOL_CONVERSION = YES;
				CLANG_WARN_COMMA = YES;
				CLANG_WARN_CONSTANT_CONVERSION = YES;
				CLANG_WARN_DEPRECATED_OBJC_IMPLEMENTATIONS = YES;
				CLANG_WARN_DIRECT_OBJC_ISA_USAGE = YES_ERROR;
				CLANG_WARN_DOCUMENTATION_COMMENTS = YES;
				CLANG_WARN_EMPTY_BODY = YES;
				CLANG_WARN_ENUM_CONVERSION = YES;
				CLANG_WARN_INFINITE_RECURSION = YES;
				CLANG_WARN_INT_CONVERSION = YES;
				CLANG_WARN_NON_LITERAL_NULL_CONVERSION = YES;
				CLANG_WARN_OBJC_IMPLICIT_RETAIN_SELF = YES;
				CLANG_WARN_OBJC_LITERAL_CONVERSION = YES;
				CLANG_WARN_OBJC_ROOT_CLASS = YES_ERROR;
				CLANG_WARN_QUOTED_INCLUDE_IN_FRAMEWORK_HEADER = YES;
				CLANG_WARN_RANGE_LOOP_ANALYSIS = YES;
				CLANG_WARN_STRICT_PROTOTYPES = YES;
				CLANG_WARN_SUSPICIOUS_MOVE = YES;
				CLANG_WARN_UNGUARDED_AVAILABILITY = YES_AGGRESSIVE;
				CLANG_WARN_UNREACHABLE_CODE = YES;
				CLANG_WARN__DUPLICATE_METHOD_MATCH = YES;
				COPY_PHASE_STRIP = NO;
				DEBUG_INFORMATION_FORMAT = "dwarf-with-dsym";
				ENABLE_NS_ASSERTIONS = NO;
				ENABLE_STRICT_OBJC_MSGSEND = YES;
				GCC_C_LANGUAGE_STANDARD = gnu11;
				GCC_NO_COMMON_BLOCKS = YES;
				GCC_WARN_64_TO_32_BIT_CONVERSION = YES;
				GCC_WARN_ABOUT_RETURN_TYPE = YES_ERROR;
				GCC_WARN_UNDECLARED_SELECTOR = YES;
				GCC_WARN_UNINITIALIZED_AUTOS = YES_AGGRESSIVE;
				GCC_WARN_UNUSED_FUNCTION = YES;
				GCC_WARN_UNUSED_VARIABLE = YES;
				IPHONEOS_DEPLOYMENT_TARGET = 16.4;
				MTL_ENABLE_DEBUG_INFO = NO;
				MTL_FAST_MATH = YES;
				SDKROOT = iphoneos;
				SWIFT_COMPILATION_MODE = wholemodule;
				SWIFT_OPTIMIZATION_LEVEL = "-O";
				VALIDATE_PRODUCT = YES;
			};
			name = Release;
		};
		86A985902AB2C68E00CC24E2 /* Debug */ = {
			isa = XCBuildConfiguration;
			baseConfigurationReference = 0BE8A25F6B8408D5A77311B2 /* Pods-Planet_uiKit.debug.xcconfig */;
			buildSettings = {
				ASSETCATALOG_COMPILER_APPICON_NAME = AppIcon;
				ASSETCATALOG_COMPILER_GLOBAL_ACCENT_COLOR_NAME = AccentColor;
				CODE_SIGN_STYLE = Automatic;
				CURRENT_PROJECT_VERSION = 1;
				DEVELOPMENT_TEAM = CC42A225N5;
				GENERATE_INFOPLIST_FILE = YES;
				INFOPLIST_FILE = Planet_uiKit/Info.plist;
				INFOPLIST_KEY_CFBundleDisplayName = Planet;
				INFOPLIST_KEY_UIApplicationSupportsIndirectInputEvents = YES;
				INFOPLIST_KEY_UILaunchStoryboardName = LaunchScreen.storyboard;
				INFOPLIST_KEY_UIMainStoryboardFile = Home;
				INFOPLIST_KEY_UISupportedInterfaceOrientations = UIInterfaceOrientationPortrait;
				LD_RUNPATH_SEARCH_PATHS = (
					"$(inherited)",
					"@executable_path/Frameworks",
				);
				MARKETING_VERSION = 1.0;
				PRODUCT_BUNDLE_IDENTIFIER = "com.naleesh.sysco.planet.uikit.Planet-uiKit";
				PRODUCT_NAME = "$(TARGET_NAME)";
				SWIFT_EMIT_LOC_STRINGS = YES;
				SWIFT_VERSION = 5.0;
				TARGETED_DEVICE_FAMILY = "1,2";
			};
			name = Debug;
		};
		86A985912AB2C68E00CC24E2 /* Release */ = {
			isa = XCBuildConfiguration;
			baseConfigurationReference = D5990968EFB1F17BFBDA010B /* Pods-Planet_uiKit.release.xcconfig */;
			buildSettings = {
				ASSETCATALOG_COMPILER_APPICON_NAME = AppIcon;
				ASSETCATALOG_COMPILER_GLOBAL_ACCENT_COLOR_NAME = AccentColor;
				CODE_SIGN_STYLE = Automatic;
				CURRENT_PROJECT_VERSION = 1;
				DEVELOPMENT_TEAM = CC42A225N5;
				GENERATE_INFOPLIST_FILE = YES;
				INFOPLIST_FILE = Planet_uiKit/Info.plist;
				INFOPLIST_KEY_CFBundleDisplayName = Planet;
				INFOPLIST_KEY_UIApplicationSupportsIndirectInputEvents = YES;
				INFOPLIST_KEY_UILaunchStoryboardName = LaunchScreen.storyboard;
				INFOPLIST_KEY_UIMainStoryboardFile = Home;
				INFOPLIST_KEY_UISupportedInterfaceOrientations = UIInterfaceOrientationPortrait;
				LD_RUNPATH_SEARCH_PATHS = (
					"$(inherited)",
					"@executable_path/Frameworks",
				);
				MARKETING_VERSION = 1.0;
				PRODUCT_BUNDLE_IDENTIFIER = "com.naleesh.sysco.planet.uikit.Planet-uiKit";
				PRODUCT_NAME = "$(TARGET_NAME)";
				SWIFT_EMIT_LOC_STRINGS = YES;
				SWIFT_VERSION = 5.0;
				TARGETED_DEVICE_FAMILY = "1,2";
			};
			name = Release;
		};
		86A985932AB2C68E00CC24E2 /* Debug */ = {
			isa = XCBuildConfiguration;
			baseConfigurationReference = 7DB0914B25FC0E1F2F949D3E /* Pods-Planet_uiKitTests.debug.xcconfig */;
			buildSettings = {
				ALWAYS_EMBED_SWIFT_STANDARD_LIBRARIES = YES;
				BUNDLE_LOADER = "$(TEST_HOST)";
				CODE_SIGN_STYLE = Automatic;
				CURRENT_PROJECT_VERSION = 1;
				DEVELOPMENT_TEAM = CC42A225N5;
				GENERATE_INFOPLIST_FILE = YES;
				IPHONEOS_DEPLOYMENT_TARGET = 16.4;
				MARKETING_VERSION = 1.0;
				PRODUCT_BUNDLE_IDENTIFIER = "com.naleesh.sysco.planet.uikit.Planet-uiKitTests";
				PRODUCT_NAME = "$(TARGET_NAME)";
				SWIFT_EMIT_LOC_STRINGS = NO;
				SWIFT_VERSION = 5.0;
				TARGETED_DEVICE_FAMILY = "1,2";
				TEST_HOST = "$(BUILT_PRODUCTS_DIR)/Planet_uiKit.app/$(BUNDLE_EXECUTABLE_FOLDER_PATH)/Planet_uiKit";
			};
			name = Debug;
		};
		86A985942AB2C68E00CC24E2 /* Release */ = {
			isa = XCBuildConfiguration;
			baseConfigurationReference = 4DA9A89E1FB2CF53B897588B /* Pods-Planet_uiKitTests.release.xcconfig */;
			buildSettings = {
				ALWAYS_EMBED_SWIFT_STANDARD_LIBRARIES = YES;
				BUNDLE_LOADER = "$(TEST_HOST)";
				CODE_SIGN_STYLE = Automatic;
				CURRENT_PROJECT_VERSION = 1;
				DEVELOPMENT_TEAM = CC42A225N5;
				GENERATE_INFOPLIST_FILE = YES;
				IPHONEOS_DEPLOYMENT_TARGET = 16.4;
				MARKETING_VERSION = 1.0;
				PRODUCT_BUNDLE_IDENTIFIER = "com.naleesh.sysco.planet.uikit.Planet-uiKitTests";
				PRODUCT_NAME = "$(TARGET_NAME)";
				SWIFT_EMIT_LOC_STRINGS = NO;
				SWIFT_VERSION = 5.0;
				TARGETED_DEVICE_FAMILY = "1,2";
				TEST_HOST = "$(BUILT_PRODUCTS_DIR)/Planet_uiKit.app/$(BUNDLE_EXECUTABLE_FOLDER_PATH)/Planet_uiKit";
			};
			name = Release;
		};
		86A985962AB2C68E00CC24E2 /* Debug */ = {
			isa = XCBuildConfiguration;
			baseConfigurationReference = 300B61B45E571E873406D62F /* Pods-Planet_uiKit-Planet_uiKitUITests.debug.xcconfig */;
			buildSettings = {
				ALWAYS_EMBED_SWIFT_STANDARD_LIBRARIES = YES;
				CODE_SIGN_STYLE = Automatic;
				CURRENT_PROJECT_VERSION = 1;
				DEVELOPMENT_TEAM = CC42A225N5;
				GENERATE_INFOPLIST_FILE = YES;
				MARKETING_VERSION = 1.0;
				PRODUCT_BUNDLE_IDENTIFIER = "com.naleesh.sysco.planet.uikit.Planet-uiKitUITests";
				PRODUCT_NAME = "$(TARGET_NAME)";
				SWIFT_EMIT_LOC_STRINGS = NO;
				SWIFT_VERSION = 5.0;
				TARGETED_DEVICE_FAMILY = "1,2";
				TEST_TARGET_NAME = Planet_uiKit;
			};
			name = Debug;
		};
		86A985972AB2C68E00CC24E2 /* Release */ = {
			isa = XCBuildConfiguration;
			baseConfigurationReference = 3451343EE29C584560BBC0CF /* Pods-Planet_uiKit-Planet_uiKitUITests.release.xcconfig */;
			buildSettings = {
				ALWAYS_EMBED_SWIFT_STANDARD_LIBRARIES = YES;
				CODE_SIGN_STYLE = Automatic;
				CURRENT_PROJECT_VERSION = 1;
				DEVELOPMENT_TEAM = CC42A225N5;
				GENERATE_INFOPLIST_FILE = YES;
				MARKETING_VERSION = 1.0;
				PRODUCT_BUNDLE_IDENTIFIER = "com.naleesh.sysco.planet.uikit.Planet-uiKitUITests";
				PRODUCT_NAME = "$(TARGET_NAME)";
				SWIFT_EMIT_LOC_STRINGS = NO;
				SWIFT_VERSION = 5.0;
				TARGETED_DEVICE_FAMILY = "1,2";
				TEST_TARGET_NAME = Planet_uiKit;
			};
			name = Release;
		};
/* End XCBuildConfiguration section */

/* Begin XCConfigurationList section */
		86A985602AB2C68D00CC24E2 /* Build configuration list for PBXProject "Planet_uiKit" */ = {
			isa = XCConfigurationList;
			buildConfigurations = (
				86A9858D2AB2C68E00CC24E2 /* Debug */,
				86A9858E2AB2C68E00CC24E2 /* Release */,
			);
			defaultConfigurationIsVisible = 0;
			defaultConfigurationName = Release;
		};
		86A9858F2AB2C68E00CC24E2 /* Build configuration list for PBXNativeTarget "Planet_uiKit" */ = {
			isa = XCConfigurationList;
			buildConfigurations = (
				86A985902AB2C68E00CC24E2 /* Debug */,
				86A985912AB2C68E00CC24E2 /* Release */,
			);
			defaultConfigurationIsVisible = 0;
			defaultConfigurationName = Release;
		};
		86A985922AB2C68E00CC24E2 /* Build configuration list for PBXNativeTarget "Planet_uiKitTests" */ = {
			isa = XCConfigurationList;
			buildConfigurations = (
				86A985932AB2C68E00CC24E2 /* Debug */,
				86A985942AB2C68E00CC24E2 /* Release */,
			);
			defaultConfigurationIsVisible = 0;
			defaultConfigurationName = Release;
		};
		86A985952AB2C68E00CC24E2 /* Build configuration list for PBXNativeTarget "Planet_uiKitUITests" */ = {
			isa = XCConfigurationList;
			buildConfigurations = (
				86A985962AB2C68E00CC24E2 /* Debug */,
				86A985972AB2C68E00CC24E2 /* Release */,
			);
			defaultConfigurationIsVisible = 0;
			defaultConfigurationName = Release;
		};
/* End XCConfigurationList section */
	};
	rootObject = 86A9855D2AB2C68D00CC24E2 /* Project object */;
}
